
Microsoft Visual Studio Solution File, Format Version 12.00
# Visual Studio Version 16
VisualStudioVersion = 16.0.30204.135
MinimumVisualStudioVersion = 10.0.40219.1
Project("{8BC9CEB8-8B4A-11D0-8D11-00A0C91BC942}") = "7A (done)", "Debt\Debt.vcxproj", "{2ADC1D59-46BC-4ABF-85F9-376B2BC5933B}"
EndProject
Project("{8BC9CEB8-8B4A-11D0-8D11-00A0C91BC942}") = "7B (done)", "7B\7B.vcxproj", "{EEA61892-84DD-414D-A43A-1F410584BB78}"
EndProject
Project("{8BC9CEB8-8B4A-11D0-8D11-00A0C91BC942}") = "7C", "7C\7C.vcxproj", "{A49316C8-1B5B-4BF9-AC9F-1C5B5AF5D4D1}"
EndProject
Project("{8BC9CEB8-8B4A-11D0-8D11-00A0C91BC942}") = "7D", "7D\7D.vcxproj", "{20222F68-2306-4A92-BE1B-07B7F384BFAE}"
EndProject
Project("{8BC9CEB8-8B4A-11D0-8D11-00A0C91BC942}") = "8A (done)", "8A\8A.vcxproj", "{54A88E51-8DB8-4D2A-BB44-FEA80599DF9A}"
EndProject
Project("{8BC9CEB8-8B4A-11D0-8D11-00A0C91BC942}") = "8B (done)", "8B\8B.vcxproj", "{030C8F83-7081-4C1C-9888-127B682D8906}"
EndProject
Project("{8BC9CEB8-8B4A-11D0-8D11-00A0C91BC942}") = "9A (done)", "9A\9A.vcxproj", "{211B4FCA-CA8D-491E-958A-1434B1A9F769}"
EndProject
Project("{8BC9CEB8-8B4A-11D0-8D11-00A0C91BC942}") = "9B", "9B\9B.vcxproj", "{DF76DCB5-8124-4F4E-ADB7-F62F8C493851}"
EndProject
Project("{8BC9CEB8-8B4A-11D0-8D11-00A0C91BC942}") = "9С", "9С\9С.vcxproj", "{BFF71A88-C0B6-4027-80A0-643152D5CCD4}"
EndProject
Project("{8BC9CEB8-8B4A-11D0-8D11-00A0C91BC942}") = "10.1", "10.1\10.1.vcxproj", "{1CC4ABDB-B4AF-4CBB-B64A-29B3B8ACDF53}"
EndProject
Global
	GlobalSection(SolutionConfigurationPlatforms) = preSolution
		Debug|x64 = Debug|x64
		Debug|x86 = Debug|x86
		Release|x64 = Release|x64
		Release|x86 = Release|x86
	EndGlobalSection
	GlobalSection(ProjectConfigurationPlatforms) = postSolution
		{2ADC1D59-46BC-4ABF-85F9-376B2BC5933B}.Debug|x64.ActiveCfg = Debug|x64
		{2ADC1D59-46BC-4ABF-85F9-376B2BC5933B}.Debug|x64.Build.0 = Debug|x64
		{2ADC1D59-46BC-4ABF-85F9-376B2BC5933B}.Debug|x86.ActiveCfg = Debug|Win32
		{2ADC1D59-46BC-4ABF-85F9-376B2BC5933B}.Debug|x86.Build.0 = Debug|Win32
		{2ADC1D59-46BC-4ABF-85F9-376B2BC5933B}.Release|x64.ActiveCfg = Release|x64
		{2ADC1D59-46BC-4ABF-85F9-376B2BC5933B}.Release|x64.Build.0 = Release|x64
		{2ADC1D59-46BC-4ABF-85F9-376B2BC5933B}.Release|x86.ActiveCfg = Release|Win32
		{2ADC1D59-46BC-4ABF-85F9-376B2BC5933B}.Release|x86.Build.0 = Release|Win32
		{EEA61892-84DD-414D-A43A-1F410584BB78}.Debug|x64.ActiveCfg = Debug|x64
		{EEA61892-84DD-414D-A43A-1F410584BB78}.Debug|x64.Build.0 = Debug|x64
		{EEA61892-84DD-414D-A43A-1F410584BB78}.Debug|x86.ActiveCfg = Debug|Win32
		{EEA61892-84DD-414D-A43A-1F410584BB78}.Debug|x86.Build.0 = Debug|Win32
		{EEA61892-84DD-414D-A43A-1F410584BB78}.Release|x64.ActiveCfg = Release|x64
		{EEA61892-84DD-414D-A43A-1F410584BB78}.Release|x64.Build.0 = Release|x64
		{EEA61892-84DD-414D-A43A-1F410584BB78}.Release|x86.ActiveCfg = Release|Win32
		{EEA61892-84DD-414D-A43A-1F410584BB78}.Release|x86.Build.0 = Release|Win32
		{A49316C8-1B5B-4BF9-AC9F-1C5B5AF5D4D1}.Debug|x64.ActiveCfg = Debug|x64
		{A49316C8-1B5B-4BF9-AC9F-1C5B5AF5D4D1}.Debug|x64.Build.0 = Debug|x64
		{A49316C8-1B5B-4BF9-AC9F-1C5B5AF5D4D1}.Debug|x86.ActiveCfg = Debug|Win32
		{A49316C8-1B5B-4BF9-AC9F-1C5B5AF5D4D1}.Debug|x86.Build.0 = Debug|Win32
		{A49316C8-1B5B-4BF9-AC9F-1C5B5AF5D4D1}.Release|x64.ActiveCfg = Release|x64
		{A49316C8-1B5B-4BF9-AC9F-1C5B5AF5D4D1}.Release|x64.Build.0 = Release|x64
		{A49316C8-1B5B-4BF9-AC9F-1C5B5AF5D4D1}.Release|x86.ActiveCfg = Release|Win32
		{A49316C8-1B5B-4BF9-AC9F-1C5B5AF5D4D1}.Release|x86.Build.0 = Release|Win32
		{20222F68-2306-4A92-BE1B-07B7F384BFAE}.Debug|x64.ActiveCfg = Debug|x64
		{20222F68-2306-4A92-BE1B-07B7F384BFAE}.Debug|x64.Build.0 = Debug|x64
		{20222F68-2306-4A92-BE1B-07B7F384BFAE}.Debug|x86.ActiveCfg = Debug|Win32
		{20222F68-2306-4A92-BE1B-07B7F384BFAE}.Debug|x86.Build.0 = Debug|Win32
		{20222F68-2306-4A92-BE1B-07B7F384BFAE}.Release|x64.ActiveCfg = Release|x64
		{20222F68-2306-4A92-BE1B-07B7F384BFAE}.Release|x64.Build.0 = Release|x64
		{20222F68-2306-4A92-BE1B-07B7F384BFAE}.Release|x86.ActiveCfg = Release|Win32
		{20222F68-2306-4A92-BE1B-07B7F384BFAE}.Release|x86.Build.0 = Release|Win32
		{54A88E51-8DB8-4D2A-BB44-FEA80599DF9A}.Debug|x64.ActiveCfg = Debug|x64
		{54A88E51-8DB8-4D2A-BB44-FEA80599DF9A}.Debug|x64.Build.0 = Debug|x64
		{54A88E51-8DB8-4D2A-BB44-FEA80599DF9A}.Debug|x86.ActiveCfg = Debug|Win32
		{54A88E51-8DB8-4D2A-BB44-FEA80599DF9A}.Debug|x86.Build.0 = Debug|Win32
		{54A88E51-8DB8-4D2A-BB44-FEA80599DF9A}.Release|x64.ActiveCfg = Release|x64
		{54A88E51-8DB8-4D2A-BB44-FEA80599DF9A}.Release|x64.Build.0 = Release|x64
		{54A88E51-8DB8-4D2A-BB44-FEA80599DF9A}.Release|x86.ActiveCfg = Release|Win32
		{54A88E51-8DB8-4D2A-BB44-FEA80599DF9A}.Release|x86.Build.0 = Release|Win32
		{030C8F83-7081-4C1C-9888-127B682D8906}.Debug|x64.ActiveCfg = Debug|x64
		{030C8F83-7081-4C1C-9888-127B682D8906}.Debug|x64.Build.0 = Debug|x64
		{030C8F83-7081-4C1C-9888-127B682D8906}.Debug|x86.ActiveCfg = Debug|Win32
		{030C8F83-7081-4C1C-9888-127B682D8906}.Debug|x86.Build.0 = Debug|Win32
		{030C8F83-7081-4C1C-9888-127B682D8906}.Release|x64.ActiveCfg = Release|x64
		{030C8F83-7081-4C1C-9888-127B682D8906}.Release|x64.Build.0 = Release|x64
		{030C8F83-7081-4C1C-9888-127B682D8906}.Release|x86.ActiveCfg = Release|Win32
		{030C8F83-7081-4C1C-9888-127B682D8906}.Release|x86.Build.0 = Release|Win32
		{211B4FCA-CA8D-491E-958A-1434B1A9F769}.Debug|x64.ActiveCfg = Debug|x64
		{211B4FCA-CA8D-491E-958A-1434B1A9F769}.Debug|x64.Build.0 = Debug|x64
		{211B4FCA-CA8D-491E-958A-1434B1A9F769}.Debug|x86.ActiveCfg = Debug|Win32
		{211B4FCA-CA8D-491E-958A-1434B1A9F769}.Debug|x86.Build.0 = Debug|Win32
		{211B4FCA-CA8D-491E-958A-1434B1A9F769}.Release|x64.ActiveCfg = Release|x64
		{211B4FCA-CA8D-491E-958A-1434B1A9F769}.Release|x64.Build.0 = Release|x64
		{211B4FCA-CA8D-491E-958A-1434B1A9F769}.Release|x86.ActiveCfg = Release|Win32
		{211B4FCA-CA8D-491E-958A-1434B1A9F769}.Release|x86.Build.0 = Release|Win32
		{DF76DCB5-8124-4F4E-ADB7-F62F8C493851}.Debug|x64.ActiveCfg = Debug|x64
		{DF76DCB5-8124-4F4E-ADB7-F62F8C493851}.Debug|x64.Build.0 = Debug|x64
		{DF76DCB5-8124-4F4E-ADB7-F62F8C493851}.Debug|x86.ActiveCfg = Debug|Win32
		{DF76DCB5-8124-4F4E-ADB7-F62F8C493851}.Debug|x86.Build.0 = Debug|Win32
		{DF76DCB5-8124-4F4E-ADB7-F62F8C493851}.Release|x64.ActiveCfg = Release|x64
		{DF76DCB5-8124-4F4E-ADB7-F62F8C493851}.Release|x64.Build.0 = Release|x64
		{DF76DCB5-8124-4F4E-ADB7-F62F8C493851}.Release|x86.ActiveCfg = Release|Win32
		{DF76DCB5-8124-4F4E-ADB7-F62F8C493851}.Release|x86.Build.0 = Release|Win32
		{BFF71A88-C0B6-4027-80A0-643152D5CCD4}.Debug|x64.ActiveCfg = Debug|x64
		{BFF71A88-C0B6-4027-80A0-643152D5CCD4}.Debug|x64.Build.0 = Debug|x64
		{BFF71A88-C0B6-4027-80A0-643152D5CCD4}.Debug|x86.ActiveCfg = Debug|Win32
		{BFF71A88-C0B6-4027-80A0-643152D5CCD4}.Debug|x86.Build.0 = Debug|Win32
		{BFF71A88-C0B6-4027-80A0-643152D5CCD4}.Release|x64.ActiveCfg = Release|x64
		{BFF71A88-C0B6-4027-80A0-643152D5CCD4}.Release|x64.Build.0 = Release|x64
		{BFF71A88-C0B6-4027-80A0-643152D5CCD4}.Release|x86.ActiveCfg = Release|Win32
		{BFF71A88-C0B6-4027-80A0-643152D5CCD4}.Release|x86.Build.0 = Release|Win32
		{1CC4ABDB-B4AF-4CBB-B64A-29B3B8ACDF53}.Debug|x64.ActiveCfg = Debug|x64
		{1CC4ABDB-B4AF-4CBB-B64A-29B3B8ACDF53}.Debug|x64.Build.0 = Debug|x64
		{1CC4ABDB-B4AF-4CBB-B64A-29B3B8ACDF53}.Debug|x86.ActiveCfg = Debug|Win32
		{1CC4ABDB-B4AF-4CBB-B64A-29B3B8ACDF53}.Debug|x86.Build.0 = Debug|Win32
		{1CC4ABDB-B4AF-4CBB-B64A-29B3B8ACDF53}.Release|x64.ActiveCfg = Release|x64
		{1CC4ABDB-B4AF-4CBB-B64A-29B3B8ACDF53}.Release|x64.Build.0 = Release|x64
		{1CC4ABDB-B4AF-4CBB-B64A-29B3B8ACDF53}.Release|x86.ActiveCfg = Release|Win32
		{1CC4ABDB-B4AF-4CBB-B64A-29B3B8ACDF53}.Release|x86.Build.0 = Release|Win32
	EndGlobalSection
	GlobalSection(SolutionProperties) = preSolution
		HideSolutionNode = FALSE
	EndGlobalSection
	GlobalSection(ExtensibilityGlobals) = postSolution
		SolutionGuid = {3D9C4B5C-F106-479B-8BDF-84EF7AF6D8BF}
	EndGlobalSection
EndGlobal
